// !$*UTF8*$!
{
	archiveVersion = 1;
	classes = {
	};
	objectVersion = 46;
	objects = {

/* Begin PBXBuildFile section */
		351102141D87B3EA0093DE5C /* AppDelegate.swift in Sources */ = {isa = PBXBuildFile; fileRef = 351102131D87B3EA0093DE5C /* AppDelegate.swift */; };
		351102161D87B3EA0093DE5C /* ViewController.swift in Sources */ = {isa = PBXBuildFile; fileRef = 351102151D87B3EA0093DE5C /* ViewController.swift */; };
		351102191D87B3EA0093DE5C /* Main.storyboard in Resources */ = {isa = PBXBuildFile; fileRef = 351102171D87B3EA0093DE5C /* Main.storyboard */; };
		3511021B1D87B3EA0093DE5C /* Assets.xcassets in Resources */ = {isa = PBXBuildFile; fileRef = 3511021A1D87B3EA0093DE5C /* Assets.xcassets */; };
		3511021E1D87B3EA0093DE5C /* LaunchScreen.storyboard in Resources */ = {isa = PBXBuildFile; fileRef = 3511021C1D87B3EA0093DE5C /* LaunchScreen.storyboard */; };
		351102261D87BA4E0093DE5C /* pokemon.csv in Resources */ = {isa = PBXBuildFile; fileRef = 351102251D87BA4E0093DE5C /* pokemon.csv */; };
/* End PBXBuildFile section */

/* Begin PBXFileReference section */
		351102101D87B3EA0093DE5C /* Pokedex3.app */ = {isa = PBXFileReference; explicitFileType = wrapper.application; includeInIndex = 0; path = Pokedex3.app; sourceTree = BUILT_PRODUCTS_DIR; };
		351102131D87B3EA0093DE5C /* AppDelegate.swift */ = {isa = PBXFileReference; lastKnownFileType = sourcecode.swift; path = AppDelegate.swift; sourceTree = "<group>"; };
		351102151D87B3EA0093DE5C /* ViewController.swift */ = {isa = PBXFileReference; lastKnownFileType = sourcecode.swift; path = ViewController.swift; sourceTree = "<group>"; };
		351102181D87B3EA0093DE5C /* Base */ = {isa = PBXFileReference; lastKnownFileType = file.storyboard; name = Base; path = Base.lproj/Main.storyboard; sourceTree = "<group>"; };
		3511021A1D87B3EA0093DE5C /* Assets.xcassets */ = {isa = PBXFileReference; lastKnownFileType = folder.assetcatalog; path = Assets.xcassets; sourceTree = "<group>"; };
		3511021D1D87B3EA0093DE5C /* Base */ = {isa = PBXFileReference; lastKnownFileType = file.storyboard; name = Base; path = Base.lproj/LaunchScreen.storyboard; sourceTree = "<group>"; };
		3511021F1D87B3EA0093DE5C /* Info.plist */ = {isa = PBXFileReference; lastKnownFileType = text.plist.xml; path = Info.plist; sourceTree = "<group>"; };
		351102251D87BA4E0093DE5C /* pokemon.csv */ = {isa = PBXFileReference; fileEncoding = 4; lastKnownFileType = text; path = pokemon.csv; sourceTree = "<group>"; };
/* End PBXFileReference section */

/* Begin PBXFrameworksBuildPhase section */
		3511020D1D87B3EA0093DE5C /* Frameworks */ = {
			isa = PBXFrameworksBuildPhase;
			buildActionMask = 2147483647;
			files = (
			);
			runOnlyForDeploymentPostprocessing = 0;
		};
/* End PBXFrameworksBuildPhase section */

/* Begin PBXGroup section */
		351102071D87B3EA0093DE5C = {
			isa = PBXGroup;
			children = (
				351102121D87B3EA0093DE5C /* Pokedex3 */,
				351102111D87B3EA0093DE5C /* Products */,
			);
			sourceTree = "<group>";
		};
		351102111D87B3EA0093DE5C /* Products */ = {
			isa = PBXGroup;
			children = (
				351102101D87B3EA0093DE5C /* Pokedex3.app */,
			);
			name = Products;
			sourceTree = "<group>";
		};
		351102121D87B3EA0093DE5C /* Pokedex3 */ = {
			isa = PBXGroup;
			children = (
				351102131D87B3EA0093DE5C /* AppDelegate.swift */,
				351102151D87B3EA0093DE5C /* ViewController.swift */,
				351102171D87B3EA0093DE5C /* Main.storyboard */,
				351102251D87BA4E0093DE5C /* pokemon.csv */,
				3511021A1D87B3EA0093DE5C /* Assets.xcassets */,
				3511021C1D87B3EA0093DE5C /* LaunchScreen.storyboard */,
				3511021F1D87B3EA0093DE5C /* Info.plist */,
			);
			path = Pokedex3;
			sourceTree = "<group>";
		};
/* End PBXGroup section */

/* Begin PBXNativeTarget section */
		3511020F1D87B3EA0093DE5C /* Pokedex3 */ = {
			isa = PBXNativeTarget;
			buildConfigurationList = 351102221D87B3EA0093DE5C /* Build configuration list for PBXNativeTarget "Pokedex3" */;
			buildPhases = (
				3511020C1D87B3EA0093DE5C /* Sources */,
				3511020D1D87B3EA0093DE5C /* Frameworks */,
				3511020E1D87B3EA0093DE5C /* Resources */,
			);
			buildRules = (
			);
			dependencies = (
			);
			name = Pokedex3;
			productName = Pokedex3;
			productReference = 351102101D87B3EA0093DE5C /* Pokedex3.app */;
			productType = "com.apple.product-type.application";
		};
/* End PBXNativeTarget section */

/* Begin PBXProject section */
		351102081D87B3EA0093DE5C /* Project object */ = {
			isa = PBXProject;
			attributes = {
				LastSwiftUpdateCheck = 0800;
				LastUpgradeCheck = 0800;
				ORGANIZATIONNAME = Pelican;
				TargetAttributes = {
					3511020F1D87B3EA0093DE5C = {
						CreatedOnToolsVersion = 8.0;
						DevelopmentTeam = Z65JLH99GY;
						ProvisioningStyle = Automatic;
					};
				};
			};
			buildConfigurationList = 3511020B1D87B3EA0093DE5C /* Build configuration list for PBXProject "Pokedex3" */;
			compatibilityVersion = "Xcode 3.2";
			developmentRegion = English;
			hasScannedForEncodings = 0;
			knownRegions = (
				en,
				Base,
			);
			mainGroup = 351102071D87B3EA0093DE5C;
			productRefGroup = 351102111D87B3EA0093DE5C /* Products */;
			projectDirPath = "";
			projectRoot = "";
			targets = (
				3511020F1D87B3EA0093DE5C /* Pokedex3 */,
			);
		};
/* End PBXProject section */

/* Begin PBXResourcesBuildPhase section */
		3511020E1D87B3EA0093DE5C /* Resources */ = {
			isa = PBXResourcesBuildPhase;
			buildActionMask = 2147483647;
			files = (
				3511021E1D87B3EA0093DE5C /* LaunchScreen.storyboard in Resources */,
				3511021B1D87B3EA0093DE5C /* Assets.xcassets in Resources */,
				351102261D87BA4E0093DE5C /* pokemon.csv in Resources */,
				351102191D87B3EA0093DE5C /* Main.storyboard in Resources */,
			);
			runOnlyForDeploymentPostprocessing = 0;
		};
/* End PBXResourcesBuildPhase section */

/* Begin PBXSourcesBuildPhase section */
		3511020C1D87B3EA0093DE5C /* Sources */ = {
			isa = PBXSourcesBuildPhase;
			buildActionMask = 2147483647;
			files = (
				351102161D87B3EA0093DE5C /* ViewController.swift in Sources */,
				351102141D87B3EA0093DE5C /* AppDelegate.swift in Sources */,
			);
			runOnlyForDeploymentPostprocessing = 0;
		};
/* End PBXSourcesBuildPhase section */

/* Begin PBXVariantGroup section */
		351102171D87B3EA0093DE5C /* Main.storyboard */ = {
			isa = PBXVariantGroup;
			children = (
				351102181D87B3EA0093DE5C /* Base */,
			);
			name = Main.storyboard;
			sourceTree = "<group>";
		};
		3511021C1D87B3EA0093DE5C /* LaunchScreen.storyboard */ = {
			isa = PBXVariantGroup;
			children = (
				3511021D1D87B3EA0093DE5C /* Base */,
			);
			name = LaunchScreen.storyboard;
			sourceTree = "<group>";
		};
/* End PBXVariantGroup section */

/* Begin XCBuildConfiguration section */
		351102201D87B3EA0093DE5C /* Debug */ = {
			isa = XCBuildConfiguration;
			buildSettings = {
				ALWAYS_SEARCH_USER_PATHS = NO;
				CLANG_ANALYZER_NONNULL = YES;
				CLANG_CXX_LANGUAGE_STANDARD = "gnu++0x";
				CLANG_CXX_LIBRARY = "libc++";
				CLANG_ENABLE_MODULES = YES;
				CLANG_ENABLE_OBJC_ARC = YES;
				CLANG_WARN_BOOL_CONVERSION = YES;
				CLANG_WARN_CONSTANT_CONVERSION = YES;
				CLANG_WARN_DIRECT_OBJC_ISA_USAGE = YES_ERROR;
				CLANG_WARN_DOCUMENTATION_COMMENTS = YES;
				CLANG_WARN_EMPTY_BODY = YES;
				CLANG_WARN_ENUM_CONVERSION = YES;
				CLANG_WARN_INFINITE_RECURSION = YES;
				CLANG_WARN_INT_CONVERSION = YES;
				CLANG_WARN_OBJC_ROOT_CLASS = YES_ERROR;
				CLANG_WARN_SUSPICIOUS_MOVES = YES;
				CLANG_WARN_UNREACHABLE_CODE = YES;
				CLANG_WARN__DUPLICATE_METHOD_MATCH = YES;
				"CODE_SIGN_IDENTITY[sdk=iphoneos*]" = "iPhone Developer";
				COPY_PHASE_STRIP = NO;
				DEBUG_INFORMATION_FORMAT = dwarf;
				ENABLE_STRICT_OBJC_MSGSEND = YES;
				ENABLE_TESTABILITY = YES;
				GCC_C_LANGUAGE_STANDARD = gnu99;
				GCC_DYNAMIC_NO_PIC = NO;
				GCC_NO_COMMON_BLOCKS = YES;
				GCC_OPTIMIZATION_LEVEL = 0;
				GCC_PREPROCESSOR_DEFINITIONS = (
					"DEBUG=1",
					"$(inherited)",
				);
				GCC_WARN_64_TO_32_BIT_CONVERSION = YES;
				GCC_WARN_ABOUT_RETURN_TYPE = YES_ERROR;
				GCC_WARN_UNDECLARED_SELECTOR = YES;
				GCC_WARN_UNINITIALIZED_AUTOS = YES_AGGRESSIVE;
				GCC_WARN_UNUSED_FUNCTION = YES;
				GCC_WARN_UNUSED_VARIABLE = YES;
				IPHONEOS_DEPLOYMENT_TARGET = 10.0;
				MTL_ENABLE_DEBUG_INFO = YES;
				ONLY_ACTIVE_ARCH = YES;
				SDKROOT = iphoneos;
				SWIFT_ACTIVE_COMPILATION_CONDITIONS = DEBUG;
				SWIFT_OPTIMIZATION_LEVEL = "-Onone";
				TARGETED_DEVICE_FAMILY = "1,2";
			};
			name = Debug;
		};
		351102211D87B3EA0093DE5C /* Release */ = {
			isa = XCBuildConfiguration;
			buildSettings = {
				ALWAYS_SEARCH_USER_PATHS = NO;
				CLANG_ANALYZER_NONNULL = YES;
				CLANG_CXX_LANGUAGE_STANDARD = "gnu++0x";
				CLANG_CXX_LIBRARY = "libc++";
				CLANG_ENABLE_MODULES = YES;
				CLANG_ENABLE_OBJC_ARC = YES;
				CLANG_WARN_BOOL_CONVERSION = YES;
				CLANG_WARN_CONSTANT_CONVERSION = YES;
				CLANG_WARN_DIRECT_OBJC_ISA_USAGE = YES_ERROR;
				CLANG_WARN_DOCUMENTATION_COMMENTS = YES;
				CLANG_WARN_EMPTY_BODY = YES;
				CLANG_WARN_ENUM_CONVERSION = YES;
				CLANG_WARN_INFINITE_RECURSION = YES;
				CLANG_WARN_INT_CONVERSION = YES;
				CLANG_WARN_OBJC_ROOT_CLASS = YES_ERROR;
				CLANG_WARN_SUSPICIOUS_MOVES = YES;
				CLANG_WARN_UNREACHABLE_CODE = YES;
				CLANG_WARN__DUPLICATE_METHOD_MATCH = YES;
				"CODE_SIGN_IDENTITY[sdk=iphoneos*]" = "iPhone Developer";
				COPY_PHASE_STRIP = NO;
				DEBUG_INFORMATION_FORMAT = "dwarf-with-dsym";
				ENABLE_NS_ASSERTIONS = NO;
				ENABLE_STRICT_OBJC_MSGSEND = YES;
				GCC_C_LANGUAGE_STANDARD = gnu99;
				GCC_NO_COMMON_BLOCKS = YES;
				GCC_WARN_64_TO_32_BIT_CONVERSION = YES;
				GCC_WARN_ABOUT_RETURN_TYPE = YES_ERROR;
				GCC_WARN_UNDECLARED_SELECTOR = YES;
				GCC_WARN_UNINITIALIZED_AUTOS = YES_AGGRESSIVE;
				GCC_WARN_UNUSED_FUNCTION = YES;
				GCC_WARN_UNUSED_VARIABLE = YES;
				IPHONEOS_DEPLOYMENT_TARGET = 10.0;
				MTL_ENABLE_DEBUG_INFO = NO;
				SDKROOT = iphoneos;
				SWIFT_OPTIMIZATION_LEVEL = "-Owholemodule";
				TARGETED_DEVICE_FAMILY = "1,2";
				VALIDATE_PRODUCT = YES;
			};
			name = Release;
		};
		351102231D87B3EA0093DE5C /* Debug */ = {
			isa = XCBuildConfiguration;
			buildSettings = {
				ASSETCATALOG_COMPILER_APPICON_NAME = AppIcon;
				DEVELOPMENT_TEAM = Z65JLH99GY;
				INFOPLIST_FILE = Pokedex3/Info.plist;
				LD_RUNPATH_SEARCH_PATHS = "$(inherited) @executable_path/Frameworks";
				PRODUCT_BUNDLE_IDENTIFIER = com.Pelican.Pokedex3;
				PRODUCT_NAME = "$(TARGET_NAME)";
				SWIFT_VERSION = 3.0;
			};
			name = Debug;
		};
		351102241D87B3EA0093DE5C /* Release */ = {
			isa = XCBuildConfiguration;
			buildSettings = {
				ASSETCATALOG_COMPILER_APPICON_NAME = AppIcon;
				DEVELOPMENT_TEAM = Z65JLH99GY;
				INFOPLIST_FILE = Pokedex3/Info.plist;
				LD_RUNPATH_SEARCH_PATHS = "$(inherited) @executable_path/Frameworks";
				PRODUCT_BUNDLE_IDENTIFIER = com.Pelican.Pokedex3;
				PRODUCT_NAME = "$(TARGET_NAME)";
				SWIFT_VERSION = 3.0;
			};
			name = Release;
		};
/* End XCBuildConfiguration section */

/* Begin XCConfigurationList section */
		3511020B1D87B3EA0093DE5C /* Build configuration list for PBXProject "Pokedex3" */ = {
			isa = XCConfigurationList;
			buildConfigurations = (
				351102201D87B3EA0093DE5C /* Debug */,
				351102211D87B3EA0093DE5C /* Release */,
			);
			defaultConfigurationIsVisible = 0;
			defaultConfigurationName = Release;
		};
		351102221D87B3EA0093DE5C /* Build configuration list for PBXNativeTarget "Pokedex3" */ = {
			isa = XCConfigurationList;
			buildConfigurations = (
				351102231D87B3EA0093DE5C /* Debug */,
				351102241D87B3EA0093DE5C /* Release */,
			);
			defaultConfigurationIsVisible = 0;
		};
/* End XCConfigurationList section */
	};
	rootObject = 351102081D87B3EA0093DE5C /* Project object */;
}
